// !$*UTF8*$!
{
	archiveVersion = 1;
	classes = {
	};
	objectVersion = 50;
	objects = {

/* Begin PBXBuildFile section */
		8AA6095D231F718F0072ADB2 /* MPMDecoder.swift in Sources */ = {isa = PBXBuildFile; fileRef = 8AA6095C231F718F0072ADB2 /* MPMDecoder.swift */; };
		8AC11652231F7EE200C561B7 /* MPMDecoderTests.swift in Sources */ = {isa = PBXBuildFile; fileRef = 8AC11651231F7EE200C561B7 /* MPMDecoderTests.swift */; };
		8AC11659231F7F1800C561B7 /* MPMDecoder.swift in Sources */ = {isa = PBXBuildFile; fileRef = 8AA6095C231F718F0072ADB2 /* MPMDecoder.swift */; };
		8AEFE31D231F69E3002F6F71 /* AppDelegate.swift in Sources */ = {isa = PBXBuildFile; fileRef = 8AEFE31C231F69E3002F6F71 /* AppDelegate.swift */; };
		8AEFE31F231F69E3002F6F71 /* ViewController.swift in Sources */ = {isa = PBXBuildFile; fileRef = 8AEFE31E231F69E3002F6F71 /* ViewController.swift */; };
		8AEFE322231F69E3002F6F71 /* Main.storyboard in Resources */ = {isa = PBXBuildFile; fileRef = 8AEFE320231F69E3002F6F71 /* Main.storyboard */; };
		8AEFE324231F69E4002F6F71 /* Assets.xcassets in Resources */ = {isa = PBXBuildFile; fileRef = 8AEFE323231F69E4002F6F71 /* Assets.xcassets */; };
		8AEFE327231F69E4002F6F71 /* LaunchScreen.storyboard in Resources */ = {isa = PBXBuildFile; fileRef = 8AEFE325231F69E4002F6F71 /* LaunchScreen.storyboard */; };
		8AEFE330231F6A14002F6F71 /* AVFoundation.framework in Frameworks */ = {isa = PBXBuildFile; fileRef = 8AEFE32F231F6A14002F6F71 /* AVFoundation.framework */; };
/* End PBXBuildFile section */

/* Begin PBXContainerItemProxy section */
		8AC11654231F7EE200C561B7 /* PBXContainerItemProxy */ = {
			isa = PBXContainerItemProxy;
			containerPortal = 8AEFE311231F69E3002F6F71 /* Project object */;
			proxyType = 1;
			remoteGlobalIDString = 8AEFE318231F69E3002F6F71;
			remoteInfo = JPQRReader;
		};
/* End PBXContainerItemProxy section */

/* Begin PBXFileReference section */
		8AA6095C231F718F0072ADB2 /* MPMDecoder.swift */ = {isa = PBXFileReference; lastKnownFileType = sourcecode.swift; path = MPMDecoder.swift; sourceTree = "<group>"; };
		8AC1164F231F7EE200C561B7 /* JPQRReaderTests.xctest */ = {isa = PBXFileReference; explicitFileType = wrapper.cfbundle; includeInIndex = 0; path = JPQRReaderTests.xctest; sourceTree = BUILT_PRODUCTS_DIR; };
		8AC11651231F7EE200C561B7 /* MPMDecoderTests.swift */ = {isa = PBXFileReference; lastKnownFileType = sourcecode.swift; path = MPMDecoderTests.swift; sourceTree = "<group>"; };
		8AC11653231F7EE200C561B7 /* Info.plist */ = {isa = PBXFileReference; lastKnownFileType = text.plist.xml; path = Info.plist; sourceTree = "<group>"; };
		8AEFE319231F69E3002F6F71 /* JPQRReader.app */ = {isa = PBXFileReference; explicitFileType = wrapper.application; includeInIndex = 0; path = JPQRReader.app; sourceTree = BUILT_PRODUCTS_DIR; };
		8AEFE31C231F69E3002F6F71 /* AppDelegate.swift */ = {isa = PBXFileReference; lastKnownFileType = sourcecode.swift; path = AppDelegate.swift; sourceTree = "<group>"; };
		8AEFE31E231F69E3002F6F71 /* ViewController.swift */ = {isa = PBXFileReference; lastKnownFileType = sourcecode.swift; path = ViewController.swift; sourceTree = "<group>"; };
		8AEFE321231F69E3002F6F71 /* Base */ = {isa = PBXFileReference; lastKnownFileType = file.storyboard; name = Base; path = Base.lproj/Main.storyboard; sourceTree = "<group>"; };
		8AEFE323231F69E4002F6F71 /* Assets.xcassets */ = {isa = PBXFileReference; lastKnownFileType = folder.assetcatalog; path = Assets.xcassets; sourceTree = "<group>"; };
		8AEFE326231F69E4002F6F71 /* Base */ = {isa = PBXFileReference; lastKnownFileType = file.storyboard; name = Base; path = Base.lproj/LaunchScreen.storyboard; sourceTree = "<group>"; };
		8AEFE328231F69E4002F6F71 /* Info.plist */ = {isa = PBXFileReference; lastKnownFileType = text.plist.xml; path = Info.plist; sourceTree = "<group>"; };
		8AEFE32F231F6A14002F6F71 /* AVFoundation.framework */ = {isa = PBXFileReference; lastKnownFileType = wrapper.framework; name = AVFoundation.framework; path = System/Library/Frameworks/AVFoundation.framework; sourceTree = SDKROOT; };
/* End PBXFileReference section */

/* Begin PBXFrameworksBuildPhase section */
		8AC1164C231F7EE200C561B7 /* Frameworks */ = {
			isa = PBXFrameworksBuildPhase;
			buildActionMask = 2147483647;
			files = (
			);
			runOnlyForDeploymentPostprocessing = 0;
		};
		8AEFE316231F69E3002F6F71 /* Frameworks */ = {
			isa = PBXFrameworksBuildPhase;
			buildActionMask = 2147483647;
			files = (
				8AEFE330231F6A14002F6F71 /* AVFoundation.framework in Frameworks */,
			);
			runOnlyForDeploymentPostprocessing = 0;
		};
/* End PBXFrameworksBuildPhase section */

/* Begin PBXGroup section */
		8AC11650231F7EE200C561B7 /* JPQRReaderTests */ = {
			isa = PBXGroup;
			children = (
				8AC11651231F7EE200C561B7 /* MPMDecoderTests.swift */,
				8AC11653231F7EE200C561B7 /* Info.plist */,
			);
			path = JPQRReaderTests;
			sourceTree = "<group>";
		};
		8AEFE310231F69E3002F6F71 = {
			isa = PBXGroup;
			children = (
				8AEFE31B231F69E3002F6F71 /* JPQRReader */,
				8AC11650231F7EE200C561B7 /* JPQRReaderTests */,
				8AEFE31A231F69E3002F6F71 /* Products */,
				8AEFE32E231F6A14002F6F71 /* Frameworks */,
			);
			sourceTree = "<group>";
		};
		8AEFE31A231F69E3002F6F71 /* Products */ = {
			isa = PBXGroup;
			children = (
				8AEFE319231F69E3002F6F71 /* JPQRReader.app */,
				8AC1164F231F7EE200C561B7 /* JPQRReaderTests.xctest */,
			);
			name = Products;
			sourceTree = "<group>";
		};
		8AEFE31B231F69E3002F6F71 /* JPQRReader */ = {
			isa = PBXGroup;
			children = (
				8AEFE31C231F69E3002F6F71 /* AppDelegate.swift */,
				8AEFE31E231F69E3002F6F71 /* ViewController.swift */,
				8AA6095C231F718F0072ADB2 /* MPMDecoder.swift */,
				8AEFE320231F69E3002F6F71 /* Main.storyboard */,
				8AEFE323231F69E4002F6F71 /* Assets.xcassets */,
				8AEFE325231F69E4002F6F71 /* LaunchScreen.storyboard */,
				8AEFE328231F69E4002F6F71 /* Info.plist */,
			);
			path = JPQRReader;
			sourceTree = "<group>";
		};
		8AEFE32E231F6A14002F6F71 /* Frameworks */ = {
			isa = PBXGroup;
			children = (
				8AEFE32F231F6A14002F6F71 /* AVFoundation.framework */,
			);
			name = Frameworks;
			sourceTree = "<group>";
		};
/* End PBXGroup section */

/* Begin PBXNativeTarget section */
		8AC1164E231F7EE200C561B7 /* JPQRReaderTests */ = {
			isa = PBXNativeTarget;
			buildConfigurationList = 8AC11658231F7EE200C561B7 /* Build configuration list for PBXNativeTarget "JPQRReaderTests" */;
			buildPhases = (
				8AC1164B231F7EE200C561B7 /* Sources */,
				8AC1164C231F7EE200C561B7 /* Frameworks */,
				8AC1164D231F7EE200C561B7 /* Resources */,
			);
			buildRules = (
			);
			dependencies = (
				8AC11655231F7EE200C561B7 /* PBXTargetDependency */,
			);
			name = JPQRReaderTests;
			productName = JPQRReaderTests;
			productReference = 8AC1164F231F7EE200C561B7 /* JPQRReaderTests.xctest */;
			productType = "com.apple.product-type.bundle.unit-test";
		};
		8AEFE318231F69E3002F6F71 /* JPQRReader */ = {
			isa = PBXNativeTarget;
			buildConfigurationList = 8AEFE32B231F69E4002F6F71 /* Build configuration list for PBXNativeTarget "JPQRReader" */;
			buildPhases = (
				8AEFE315231F69E3002F6F71 /* Sources */,
				8AEFE316231F69E3002F6F71 /* Frameworks */,
				8AEFE317231F69E3002F6F71 /* Resources */,
			);
			buildRules = (
			);
			dependencies = (
			);
			name = JPQRReader;
			productName = JPQRReader;
			productReference = 8AEFE319231F69E3002F6F71 /* JPQRReader.app */;
			productType = "com.apple.product-type.application";
		};
/* End PBXNativeTarget section */

/* Begin PBXProject section */
		8AEFE311231F69E3002F6F71 /* Project object */ = {
			isa = PBXProject;
			attributes = {
				LastSwiftUpdateCheck = 1030;
				LastUpgradeCheck = 1030;
				ORGANIZATIONNAME = net.kenmaz;
				TargetAttributes = {
					8AC1164E231F7EE200C561B7 = {
						CreatedOnToolsVersion = 10.3;
						TestTargetID = 8AEFE318231F69E3002F6F71;
					};
					8AEFE318231F69E3002F6F71 = {
						CreatedOnToolsVersion = 10.3;
					};
				};
			};
			buildConfigurationList = 8AEFE314231F69E3002F6F71 /* Build configuration list for PBXProject "JPQRReader" */;
			compatibilityVersion = "Xcode 9.3";
			developmentRegion = en;
			hasScannedForEncodings = 0;
			knownRegions = (
				en,
				Base,
			);
			mainGroup = 8AEFE310231F69E3002F6F71;
			productRefGroup = 8AEFE31A231F69E3002F6F71 /* Products */;
			projectDirPath = "";
			projectRoot = "";
			targets = (
				8AEFE318231F69E3002F6F71 /* JPQRReader */,
				8AC1164E231F7EE200C561B7 /* JPQRReaderTests */,
			);
		};
/* End PBXProject section */

/* Begin PBXResourcesBuildPhase section */
		8AC1164D231F7EE200C561B7 /* Resources */ = {
			isa = PBXResourcesBuildPhase;
			buildActionMask = 2147483647;
			files = (
			);
			runOnlyForDeploymentPostprocessing = 0;
		};
		8AEFE317231F69E3002F6F71 /* Resources */ = {
			isa = PBXResourcesBuildPhase;
			buildActionMask = 2147483647;
			files = (
				8AEFE327231F69E4002F6F71 /* LaunchScreen.storyboard in Resources */,
				8AEFE324231F69E4002F6F71 /* Assets.xcassets in Resources */,
				8AEFE322231F69E3002F6F71 /* Main.storyboard in Resources */,
			);
			runOnlyForDeploymentPostprocessing = 0;
		};
/* End PBXResourcesBuildPhase section */

/* Begin PBXSourcesBuildPhase section */
		8AC1164B231F7EE200C561B7 /* Sources */ = {
			isa = PBXSourcesBuildPhase;
			buildActionMask = 2147483647;
			files = (
				8AC11652231F7EE200C561B7 /* MPMDecoderTests.swift in Sources */,
				8AC11659231F7F1800C561B7 /* MPMDecoder.swift in Sources */,
			);
			runOnlyForDeploymentPostprocessing = 0;
		};
		8AEFE315231F69E3002F6F71 /* Sources */ = {
			isa = PBXSourcesBuildPhase;
			buildActionMask = 2147483647;
			files = (
				8AEFE31F231F69E3002F6F71 /* ViewController.swift in Sources */,
				8AA6095D231F718F0072ADB2 /* MPMDecoder.swift in Sources */,
				8AEFE31D231F69E3002F6F71 /* AppDelegate.swift in Sources */,
			);
			runOnlyForDeploymentPostprocessing = 0;
		};
/* End PBXSourcesBuildPhase section */

/* Begin PBXTargetDependency section */
		8AC11655231F7EE200C561B7 /* PBXTargetDependency */ = {
			isa = PBXTargetDependency;
			target = 8AEFE318231F69E3002F6F71 /* JPQRReader */;
			targetProxy = 8AC11654231F7EE200C561B7 /* PBXContainerItemProxy */;
		};
/* End PBXTargetDependency section */

/* Begin PBXVariantGroup section */
		8AEFE320231F69E3002F6F71 /* Main.storyboard */ = {
			isa = PBXVariantGroup;
			children = (
				8AEFE321231F69E3002F6F71 /* Base */,
			);
			name = Main.storyboard;
			sourceTree = "<group>";
		};
		8AEFE325231F69E4002F6F71 /* LaunchScreen.storyboard */ = {
			isa = PBXVariantGroup;
			children = (
				8AEFE326231F69E4002F6F71 /* Base */,
			);
			name = LaunchScreen.storyboard;
			sourceTree = "<group>";
		};
/* End PBXVariantGroup section */

/* Begin XCBuildConfiguration section */
		8AC11656231F7EE200C561B7 /* Debug */ = {
			isa = XCBuildConfiguration;
			buildSettings = {
				BUNDLE_LOADER = "$(TEST_HOST)";
				CODE_SIGN_STYLE = Automatic;
				DEVELOPMENT_TEAM = 6J3GVW7UN7;
				INFOPLIST_FILE = JPQRReaderTests/Info.plist;
				LD_RUNPATH_SEARCH_PATHS = (
					"$(inherited)",
					"@executable_path/Frameworks",
					"@loader_path/Frameworks",
				);
				PRODUCT_BUNDLE_IDENTIFIER = net.kenmaz.JPQRReaderTests;
				PRODUCT_NAME = "$(TARGET_NAME)";
				SWIFT_VERSION = 5.0;
				TARGETED_DEVICE_FAMILY = "1,2";
				TEST_HOST = "$(BUILT_PRODUCTS_DIR)/JPQRReader.app/JPQRReader";
			};
			name = Debug;
		};
		8AC11657231F7EE200C561B7 /* Release */ = {
			isa = XCBuildConfiguration;
			buildSettings = {
				BUNDLE_LOADER = "$(TEST_HOST)";
				CODE_SIGN_STYLE = Automatic;
				DEVELOPMENT_TEAM = 6J3GVW7UN7;
				INFOPLIST_FILE = JPQRReaderTests/Info.plist;
				LD_RUNPATH_SEARCH_PATHS = (
					"$(inherited)",
					"@executable_path/Frameworks",
					"@loader_path/Frameworks",
				);
				PRODUCT_BUNDLE_IDENTIFIER = net.kenmaz.JPQRReaderTests;
				PRODUCT_NAME = "$(TARGET_NAME)";
				SWIFT_VERSION = 5.0;
				TARGETED_DEVICE_FAMILY = "1,2";
				TEST_HOST = "$(BUILT_PRODUCTS_DIR)/JPQRReader.app/JPQRReader";
			};
			name = Release;
		};
		8AEFE329231F69E4002F6F71 /* Debug */ = {
			isa = XCBuildConfiguration;
			buildSettings = {
				ALWAYS_SEARCH_USER_PATHS = NO;
				CLANG_ANALYZER_NONNULL = YES;
				CLANG_ANALYZER_NUMBER_OBJECT_CONVERSION = YES_AGGRESSIVE;
				CLANG_CXX_LANGUAGE_STANDARD = "gnu++14";
				CLANG_CXX_LIBRARY = "libc++";
				CLANG_ENABLE_MODULES = YES;
				CLANG_ENABLE_OBJC_ARC = YES;
				CLANG_ENABLE_OBJC_WEAK = YES;
				CLANG_WARN_BLOCK_CAPTURE_AUTORELEASING = YES;
				CLANG_WARN_BOOL_CONVERSION = YES;
				CLANG_WARN_COMMA = YES;
				CLANG_WARN_CONSTANT_CONVERSION = YES;
				CLANG_WARN_DEPRECATED_OBJC_IMPLEMENTATIONS = YES;
				CLANG_WARN_DIRECT_OBJC_ISA_USAGE = YES_ERROR;
				CLANG_WARN_DOCUMENTATION_COMMENTS = YES;
				CLANG_WARN_EMPTY_BODY = YES;
				CLANG_WARN_ENUM_CONVERSION = YES;
				CLANG_WARN_INFINITE_RECURSION = YES;
				CLANG_WARN_INT_CONVERSION = YES;
				CLANG_WARN_NON_LITERAL_NULL_CONVERSION = YES;
				CLANG_WARN_OBJC_IMPLICIT_RETAIN_SELF = YES;
				CLANG_WARN_OBJC_LITERAL_CONVERSION = YES;
				CLANG_WARN_OBJC_ROOT_CLASS = YES_ERROR;
				CLANG_WARN_RANGE_LOOP_ANALYSIS = YES;
				CLANG_WARN_STRICT_PROTOTYPES = YES;
				CLANG_WARN_SUSPICIOUS_MOVE = YES;
				CLANG_WARN_UNGUARDED_AVAILABILITY = YES_AGGRESSIVE;
				CLANG_WARN_UNREACHABLE_CODE = YES;
				CLANG_WARN__DUPLICATE_METHOD_MATCH = YES;
				CODE_SIGN_IDENTITY = "iPhone Developer";
				COPY_PHASE_STRIP = NO;
				DEBUG_INFORMATION_FORMAT = dwarf;
				ENABLE_STRICT_OBJC_MSGSEND = YES;
				ENABLE_TESTABILITY = YES;
				GCC_C_LANGUAGE_STANDARD = gnu11;
				GCC_DYNAMIC_NO_PIC = NO;
				GCC_NO_COMMON_BLOCKS = YES;
				GCC_OPTIMIZATION_LEVEL = 0;
				GCC_PREPROCESSOR_DEFINITIONS = (
					"DEBUG=1",
					"$(inherited)",
				);
				GCC_WARN_64_TO_32_BIT_CONVERSION = YES;
				GCC_WARN_ABOUT_RETURN_TYPE = YES_ERROR;
				GCC_WARN_UNDECLARED_SELECTOR = YES;
				GCC_WARN_UNINITIALIZED_AUTOS = YES_AGGRESSIVE;
				GCC_WARN_UNUSED_FUNCTION = YES;
				GCC_WARN_UNUSED_VARIABLE = YES;
				IPHONEOS_DEPLOYMENT_TARGET = 12.4;
				MTL_ENABLE_DEBUG_INFO = INCLUDE_SOURCE;
				MTL_FAST_MATH = YES;
				ONLY_ACTIVE_ARCH = YES;
				SDKROOT = iphoneos;
				SWIFT_ACTIVE_COMPILATION_CONDITIONS = DEBUG;
				SWIFT_OPTIMIZATION_LEVEL = "-Onone";
			};
			name = Debug;
		};
		8AEFE32A231F69E4002F6F71 /* Release */ = {
			isa = XCBuildConfiguration;
			buildSettings = {
				ALWAYS_SEARCH_USER_PATHS = NO;
				CLANG_ANALYZER_NONNULL = YES;
				CLANG_ANALYZER_NUMBER_OBJECT_CONVERSION = YES_AGGRESSIVE;
				CLANG_CXX_LANGUAGE_STANDARD = "gnu++14";
				CLANG_CXX_LIBRARY = "libc++";
				CLANG_ENABLE_MODULES = YES;
				CLANG_ENABLE_OBJC_ARC = YES;
				CLANG_ENABLE_OBJC_WEAK = YES;
				CLANG_WARN_BLOCK_CAPTURE_AUTORELEASING = YES;
				CLANG_WARN_BOOL_CONVERSION = YES;
				CLANG_WARN_COMMA = YES;
				CLANG_WARN_CONSTANT_CONVERSION = YES;
				CLANG_WARN_DEPRECATED_OBJC_IMPLEMENTATIONS = YES;
				CLANG_WARN_DIRECT_OBJC_ISA_USAGE = YES_ERROR;
				CLANG_WARN_DOCUMENTATION_COMMENTS = YES;
				CLANG_WARN_EMPTY_BODY = YES;
				CLANG_WARN_ENUM_CONVERSION = YES;
				CLANG_WARN_INFINITE_RECURSION = YES;
				CLANG_WARN_INT_CONVERSION = YES;
				CLANG_WARN_NON_LITERAL_NULL_CONVERSION = YES;
				CLANG_WARN_OBJC_IMPLICIT_RETAIN_SELF = YES;
				CLANG_WARN_OBJC_LITERAL_CONVERSION = YES;
				CLANG_WARN_OBJC_ROOT_CLASS = YES_ERROR;
				CLANG_WARN_RANGE_LOOP_ANALYSIS = YES;
				CLANG_WARN_STRICT_PROTOTYPES = YES;
				CLANG_WARN_SUSPICIOUS_MOVE = YES;
				CLANG_WARN_UNGUARDED_AVAILABILITY = YES_AGGRESSIVE;
				CLANG_WARN_UNREACHABLE_CODE = YES;
				CLANG_WARN__DUPLICATE_METHOD_MATCH = YES;
				CODE_SIGN_IDENTITY = "iPhone Developer";
				COPY_PHASE_STRIP = NO;
				DEBUG_INFORMATION_FORMAT = "dwarf-with-dsym";
				ENABLE_NS_ASSERTIONS = NO;
				ENABLE_STRICT_OBJC_MSGSEND = YES;
				GCC_C_LANGUAGE_STANDARD = gnu11;
				GCC_NO_COMMON_BLOCKS = YES;
				GCC_WARN_64_TO_32_BIT_CONVERSION = YES;
				GCC_WARN_ABOUT_RETURN_TYPE = YES_ERROR;
				GCC_WARN_UNDECLARED_SELECTOR = YES;
				GCC_WARN_UNINITIALIZED_AUTOS = YES_AGGRESSIVE;
				GCC_WARN_UNUSED_FUNCTION = YES;
				GCC_WARN_UNUSED_VARIABLE = YES;
				IPHONEOS_DEPLOYMENT_TARGET = 12.4;
				MTL_ENABLE_DEBUG_INFO = NO;
				MTL_FAST_MATH = YES;
				SDKROOT = iphoneos;
				SWIFT_COMPILATION_MODE = wholemodule;
				SWIFT_OPTIMIZATION_LEVEL = "-O";
				VALIDATE_PRODUCT = YES;
			};
			name = Release;
		};
		8AEFE32C231F69E4002F6F71 /* Debug */ = {
			isa = XCBuildConfiguration;
			buildSettings = {
				ASSETCATALOG_COMPILER_APPICON_NAME = AppIcon;
				CODE_SIGN_STYLE = Automatic;
				DEVELOPMENT_TEAM = 6J3GVW7UN7;
				INFOPLIST_FILE = JPQRReader/Info.plist;
				LD_RUNPATH_SEARCH_PATHS = (
					"$(inherited)",
					"@executable_path/Frameworks",
				);
				PRODUCT_BUNDLE_IDENTIFIER = net.kenmaz.JPQRReader;
				PRODUCT_NAME = "$(TARGET_NAME)";
				SWIFT_VERSION = 5.0;
				TARGETED_DEVICE_FAMILY = "1,2";
			};
			name = Debug;
		};
		8AEFE32D231F69E4002F6F71 /* Release */ = {
			isa = XCBuildConfiguration;
			buildSettings = {
				ASSETCATALOG_COMPILER_APPICON_NAME = AppIcon;
				CODE_SIGN_STYLE = Automatic;
				DEVELOPMENT_TEAM = 6J3GVW7UN7;
				INFOPLIST_FILE = JPQRReader/Info.plist;
				LD_RUNPATH_SEARCH_PATHS = (
					"$(inherited)",
					"@executable_path/Frameworks",
				);
				PRODUCT_BUNDLE_IDENTIFIER = net.kenmaz.JPQRReader;
				PRODUCT_NAME = "$(TARGET_NAME)";
				SWIFT_VERSION = 5.0;
				TARGETED_DEVICE_FAMILY = "1,2";
			};
			name = Release;
		};
/* End XCBuildConfiguration section */

/* Begin XCConfigurationList section */
		8AC11658231F7EE200C561B7 /* Build configuration list for PBXNativeTarget "JPQRReaderTests" */ = {
			isa = XCConfigurationList;
			buildConfigurations = (
				8AC11656231F7EE200C561B7 /* Debug */,
				8AC11657231F7EE200C561B7 /* Release */,
			);
			defaultConfigurationIsVisible = 0;
			defaultConfigurationName = Release;
		};
		8AEFE314231F69E3002F6F71 /* Build configuration list for PBXProject "JPQRReader" */ = {
			isa = XCConfigurationList;
			buildConfigurations = (
				8AEFE329231F69E4002F6F71 /* Debug */,
				8AEFE32A231F69E4002F6F71 /* Release */,
			);
			defaultConfigurationIsVisible = 0;
			defaultConfigurationName = Release;
		};
		8AEFE32B231F69E4002F6F71 /* Build configuration list for PBXNativeTarget "JPQRReader" */ = {
			isa = XCConfigurationList;
			buildConfigurations = (
				8AEFE32C231F69E4002F6F71 /* Debug */,
				8AEFE32D231F69E4002F6F71 /* Release */,
			);
			defaultConfigurationIsVisible = 0;
			defaultConfigurationName = Release;
		};
/* End XCConfigurationList section */
	};
	rootObject = 8AEFE311231F69E3002F6F71 /* Project object */;
}
